// !$*UTF8*$!
{
	archiveVersion = 1;
	classes = {
	};
	objectVersion = 56;
	objects = {

/* Begin PBXBuildFile section */
		7869618929EFF8D30046A659 /* LoginTutorialApp.swift in Sources */ = {isa = PBXBuildFile; fileRef = 7869618829EFF8D30046A659 /* LoginTutorialApp.swift */; };
		7869618B29EFF8D30046A659 /* ContentView.swift in Sources */ = {isa = PBXBuildFile; fileRef = 7869618A29EFF8D30046A659 /* ContentView.swift */; };
		7869618D29EFF8D40046A659 /* Assets.xcassets in Resources */ = {isa = PBXBuildFile; fileRef = 7869618C29EFF8D40046A659 /* Assets.xcassets */; };
		7869619029EFF8D40046A659 /* Preview Assets.xcassets in Resources */ = {isa = PBXBuildFile; fileRef = 7869618F29EFF8D40046A659 /* Preview Assets.xcassets */; };
		7869619A29EFF8D40046A659 /* LoginTutorialTests.swift in Sources */ = {isa = PBXBuildFile; fileRef = 7869619929EFF8D40046A659 /* LoginTutorialTests.swift */; };
		786961A429EFF8D40046A659 /* LoginTutorialUITests.swift in Sources */ = {isa = PBXBuildFile; fileRef = 786961A329EFF8D40046A659 /* LoginTutorialUITests.swift */; };
		786961A629EFF8D40046A659 /* LoginTutorialUITestsLaunchTests.swift in Sources */ = {isa = PBXBuildFile; fileRef = 786961A529EFF8D40046A659 /* LoginTutorialUITestsLaunchTests.swift */; };
/* End PBXBuildFile section */

/* Begin PBXContainerItemProxy section */
		7869619629EFF8D40046A659 /* PBXContainerItemProxy */ = {
			isa = PBXContainerItemProxy;
			containerPortal = 7869617D29EFF8D30046A659 /* Project object */;
			proxyType = 1;
			remoteGlobalIDString = 7869618429EFF8D30046A659;
			remoteInfo = LoginTutorial;
		};
		786961A029EFF8D40046A659 /* PBXContainerItemProxy */ = {
			isa = PBXContainerItemProxy;
			containerPortal = 7869617D29EFF8D30046A659 /* Project object */;
			proxyType = 1;
			remoteGlobalIDString = 7869618429EFF8D30046A659;
			remoteInfo = LoginTutorial;
		};
/* End PBXContainerItemProxy section */

/* Begin PBXFileReference section */
		7869618529EFF8D30046A659 /* LoginTutorial.app */ = {isa = PBXFileReference; explicitFileType = wrapper.application; includeInIndex = 0; path = LoginTutorial.app; sourceTree = BUILT_PRODUCTS_DIR; };
		7869618829EFF8D30046A659 /* LoginTutorialApp.swift */ = {isa = PBXFileReference; lastKnownFileType = sourcecode.swift; path = LoginTutorialApp.swift; sourceTree = "<group>"; };
		7869618A29EFF8D30046A659 /* ContentView.swift */ = {isa = PBXFileReference; lastKnownFileType = sourcecode.swift; path = ContentView.swift; sourceTree = "<group>"; };
		7869618C29EFF8D40046A659 /* Assets.xcassets */ = {isa = PBXFileReference; lastKnownFileType = folder.assetcatalog; path = Assets.xcassets; sourceTree = "<group>"; };
		7869618F29EFF8D40046A659 /* Preview Assets.xcassets */ = {isa = PBXFileReference; lastKnownFileType = folder.assetcatalog; path = "Preview Assets.xcassets"; sourceTree = "<group>"; };
		7869619529EFF8D40046A659 /* LoginTutorialTests.xctest */ = {isa = PBXFileReference; explicitFileType = wrapper.cfbundle; includeInIndex = 0; path = LoginTutorialTests.xctest; sourceTree = BUILT_PRODUCTS_DIR; };
		7869619929EFF8D40046A659 /* LoginTutorialTests.swift */ = {isa = PBXFileReference; lastKnownFileType = sourcecode.swift; path = LoginTutorialTests.swift; sourceTree = "<group>"; };
		7869619F29EFF8D40046A659 /* LoginTutorialUITests.xctest */ = {isa = PBXFileReference; explicitFileType = wrapper.cfbundle; includeInIndex = 0; path = LoginTutorialUITests.xctest; sourceTree = BUILT_PRODUCTS_DIR; };
		786961A329EFF8D40046A659 /* LoginTutorialUITests.swift */ = {isa = PBXFileReference; lastKnownFileType = sourcecode.swift; path = LoginTutorialUITests.swift; sourceTree = "<group>"; };
		786961A529EFF8D40046A659 /* LoginTutorialUITestsLaunchTests.swift */ = {isa = PBXFileReference; lastKnownFileType = sourcecode.swift; path = LoginTutorialUITestsLaunchTests.swift; sourceTree = "<group>"; };
/* End PBXFileReference section */

/* Begin PBXFrameworksBuildPhase section */
		7869618229EFF8D30046A659 /* Frameworks */ = {
			isa = PBXFrameworksBuildPhase;
			buildActionMask = 2147483647;
			files = (
			);
			runOnlyForDeploymentPostprocessing = 0;
		};
		7869619229EFF8D40046A659 /* Frameworks */ = {
			isa = PBXFrameworksBuildPhase;
			buildActionMask = 2147483647;
			files = (
			);
			runOnlyForDeploymentPostprocessing = 0;
		};
		7869619C29EFF8D40046A659 /* Frameworks */ = {
			isa = PBXFrameworksBuildPhase;
			buildActionMask = 2147483647;
			files = (
			);
			runOnlyForDeploymentPostprocessing = 0;
		};
/* End PBXFrameworksBuildPhase section */

/* Begin PBXGroup section */
		7869617C29EFF8D30046A659 = {
			isa = PBXGroup;
			children = (
				7869618729EFF8D30046A659 /* LoginTutorial */,
				7869619829EFF8D40046A659 /* LoginTutorialTests */,
				786961A229EFF8D40046A659 /* LoginTutorialUITests */,
				7869618629EFF8D30046A659 /* Products */,
			);
			sourceTree = "<group>";
		};
		7869618629EFF8D30046A659 /* Products */ = {
			isa = PBXGroup;
			children = (
				7869618529EFF8D30046A659 /* LoginTutorial.app */,
				7869619529EFF8D40046A659 /* LoginTutorialTests.xctest */,
				7869619F29EFF8D40046A659 /* LoginTutorialUITests.xctest */,
			);
			name = Products;
			sourceTree = "<group>";
		};
		7869618729EFF8D30046A659 /* LoginTutorial */ = {
			isa = PBXGroup;
			children = (
				7869618829EFF8D30046A659 /* LoginTutorialApp.swift */,
				7869618A29EFF8D30046A659 /* ContentView.swift */,
				7869618C29EFF8D40046A659 /* Assets.xcassets */,
				7869618E29EFF8D40046A659 /* Preview Content */,
			);
			path = LoginTutorial;
			sourceTree = "<group>";
		};
		7869618E29EFF8D40046A659 /* Preview Content */ = {
			isa = PBXGroup;
			children = (
				7869618F29EFF8D40046A659 /* Preview Assets.xcassets */,
			);
			path = "Preview Content";
			sourceTree = "<group>";
		};
		7869619829EFF8D40046A659 /* LoginTutorialTests */ = {
			isa = PBXGroup;
			children = (
				7869619929EFF8D40046A659 /* LoginTutorialTests.swift */,
			);
			path = LoginTutorialTests;
			sourceTree = "<group>";
		};
		786961A229EFF8D40046A659 /* LoginTutorialUITests */ = {
			isa = PBXGroup;
			children = (
				786961A329EFF8D40046A659 /* LoginTutorialUITests.swift */,
				786961A529EFF8D40046A659 /* LoginTutorialUITestsLaunchTests.swift */,
			);
			path = LoginTutorialUITests;
			sourceTree = "<group>";
		};
/* End PBXGroup section */

/* Begin PBXNativeTarget section */
		7869618429EFF8D30046A659 /* LoginTutorial */ = {
			isa = PBXNativeTarget;
			buildConfigurationList = 786961A929EFF8D40046A659 /* Build configuration list for PBXNativeTarget "LoginTutorial" */;
			buildPhases = (
				7869618129EFF8D30046A659 /* Sources */,
				7869618229EFF8D30046A659 /* Frameworks */,
				7869618329EFF8D30046A659 /* Resources */,
			);
			buildRules = (
			);
			dependencies = (
			);
			name = LoginTutorial;
			productName = LoginTutorial;
			productReference = 7869618529EFF8D30046A659 /* LoginTutorial.app */;
			productType = "com.apple.product-type.application";
		};
		7869619429EFF8D40046A659 /* LoginTutorialTests */ = {
			isa = PBXNativeTarget;
			buildConfigurationList = 786961AC29EFF8D40046A659 /* Build configuration list for PBXNativeTarget "LoginTutorialTests" */;
			buildPhases = (
				7869619129EFF8D40046A659 /* Sources */,
				7869619229EFF8D40046A659 /* Frameworks */,
				7869619329EFF8D40046A659 /* Resources */,
			);
			buildRules = (
			);
			dependencies = (
				7869619729EFF8D40046A659 /* PBXTargetDependency */,
			);
			name = LoginTutorialTests;
			productName = LoginTutorialTests;
			productReference = 7869619529EFF8D40046A659 /* LoginTutorialTests.xctest */;
			productType = "com.apple.product-type.bundle.unit-test";
		};
		7869619E29EFF8D40046A659 /* LoginTutorialUITests */ = {
			isa = PBXNativeTarget;
			buildConfigurationList = 786961AF29EFF8D40046A659 /* Build configuration list for PBXNativeTarget "LoginTutorialUITests" */;
			buildPhases = (
				7869619B29EFF8D40046A659 /* Sources */,
				7869619C29EFF8D40046A659 /* Frameworks */,
				7869619D29EFF8D40046A659 /* Resources */,
			);
			buildRules = (
			);
			dependencies = (
				786961A129EFF8D40046A659 /* PBXTargetDependency */,
			);
			name = LoginTutorialUITests;
			productName = LoginTutorialUITests;
			productReference = 7869619F29EFF8D40046A659 /* LoginTutorialUITests.xctest */;
			productType = "com.apple.product-type.bundle.ui-testing";
		};
/* End PBXNativeTarget section */

/* Begin PBXProject section */
		7869617D29EFF8D30046A659 /* Project object */ = {
			isa = PBXProject;
			attributes = {
				BuildIndependentTargetsInParallel = 1;
				LastSwiftUpdateCheck = 1430;
				LastUpgradeCheck = 1430;
				TargetAttributes = {
					7869618429EFF8D30046A659 = {
						CreatedOnToolsVersion = 14.3;
					};
					7869619429EFF8D40046A659 = {
						CreatedOnToolsVersion = 14.3;
						TestTargetID = 7869618429EFF8D30046A659;
					};
					7869619E29EFF8D40046A659 = {
						CreatedOnToolsVersion = 14.3;
						TestTargetID = 7869618429EFF8D30046A659;
					};
				};
			};
			buildConfigurationList = 7869618029EFF8D30046A659 /* Build configuration list for PBXProject "LoginTutorial" */;
			compatibilityVersion = "Xcode 14.0";
			developmentRegion = en;
			hasScannedForEncodings = 0;
			knownRegions = (
				en,
				Base,
			);
			mainGroup = 7869617C29EFF8D30046A659;
			productRefGroup = 7869618629EFF8D30046A659 /* Products */;
			projectDirPath = "";
			projectRoot = "";
			targets = (
				7869618429EFF8D30046A659 /* LoginTutorial */,
				7869619429EFF8D40046A659 /* LoginTutorialTests */,
				7869619E29EFF8D40046A659 /* LoginTutorialUITests */,
			);
		};
/* End PBXProject section */

/* Begin PBXResourcesBuildPhase section */
		7869618329EFF8D30046A659 /* Resources */ = {
			isa = PBXResourcesBuildPhase;
			buildActionMask = 2147483647;
			files = (
				7869619029EFF8D40046A659 /* Preview Assets.xcassets in Resources */,
				7869618D29EFF8D40046A659 /* Assets.xcassets in Resources */,
			);
			runOnlyForDeploymentPostprocessing = 0;
		};
		7869619329EFF8D40046A659 /* Resources */ = {
			isa = PBXResourcesBuildPhase;
			buildActionMask = 2147483647;
			files = (
			);
			runOnlyForDeploymentPostprocessing = 0;
		};
		7869619D29EFF8D40046A659 /* Resources */ = {
			isa = PBXResourcesBuildPhase;
			buildActionMask = 2147483647;
			files = (
			);
			runOnlyForDeploymentPostprocessing = 0;
		};
/* End PBXResourcesBuildPhase section */

/* Begin PBXSourcesBuildPhase section */
		7869618129EFF8D30046A659 /* Sources */ = {
			isa = PBXSourcesBuildPhase;
			buildActionMask = 2147483647;
			files = (
				7869618B29EFF8D30046A659 /* ContentView.swift in Sources */,
				7869618929EFF8D30046A659 /* LoginTutorialApp.swift in Sources */,
			);
			runOnlyForDeploymentPostprocessing = 0;
		};
		7869619129EFF8D40046A659 /* Sources */ = {
			isa = PBXSourcesBuildPhase;
			buildActionMask = 2147483647;
			files = (
				7869619A29EFF8D40046A659 /* LoginTutorialTests.swift in Sources */,
			);
			runOnlyForDeploymentPostprocessing = 0;
		};
		7869619B29EFF8D40046A659 /* Sources */ = {
			isa = PBXSourcesBuildPhase;
			buildActionMask = 2147483647;
			files = (
				786961A629EFF8D40046A659 /* LoginTutorialUITestsLaunchTests.swift in Sources */,
				786961A429EFF8D40046A659 /* LoginTutorialUITests.swift in Sources */,
			);
			runOnlyForDeploymentPostprocessing = 0;
		};
/* End PBXSourcesBuildPhase section */

/* Begin PBXTargetDependency section */
		7869619729EFF8D40046A659 /* PBXTargetDependency */ = {
			isa = PBXTargetDependency;
			target = 7869618429EFF8D30046A659 /* LoginTutorial */;
			targetProxy = 7869619629EFF8D40046A659 /* PBXContainerItemProxy */;
		};
		786961A129EFF8D40046A659 /* PBXTargetDependency */ = {
			isa = PBXTargetDependency;
			target = 7869618429EFF8D30046A659 /* LoginTutorial */;
			targetProxy = 786961A029EFF8D40046A659 /* PBXContainerItemProxy */;
		};
/* End PBXTargetDependency section */

/* Begin XCBuildConfiguration section */
		786961A729EFF8D40046A659 /* Debug */ = {
			isa = XCBuildConfiguration;
			buildSettings = {
				ALWAYS_SEARCH_USER_PATHS = NO;
				CLANG_ANALYZER_NONNULL = YES;
				CLANG_ANALYZER_NUMBER_OBJECT_CONVERSION = YES_AGGRESSIVE;
				CLANG_CXX_LANGUAGE_STANDARD = "gnu++20";
				CLANG_ENABLE_MODULES = YES;
				CLANG_ENABLE_OBJC_ARC = YES;
				CLANG_ENABLE_OBJC_WEAK = YES;
				CLANG_WARN_BLOCK_CAPTURE_AUTORELEASING = YES;
				CLANG_WARN_BOOL_CONVERSION = YES;
				CLANG_WARN_COMMA = YES;
				CLANG_WARN_CONSTANT_CONVERSION = YES;
				CLANG_WARN_DEPRECATED_OBJC_IMPLEMENTATIONS = YES;
				CLANG_WARN_DIRECT_OBJC_ISA_USAGE = YES_ERROR;
				CLANG_WARN_DOCUMENTATION_COMMENTS = YES;
				CLANG_WARN_EMPTY_BODY = YES;
				CLANG_WARN_ENUM_CONVERSION = YES;
				CLANG_WARN_INFINITE_RECURSION = YES;
				CLANG_WARN_INT_CONVERSION = YES;
				CLANG_WARN_NON_LITERAL_NULL_CONVERSION = YES;
				CLANG_WARN_OBJC_IMPLICIT_RETAIN_SELF = YES;
				CLANG_WARN_OBJC_LITERAL_CONVERSION = YES;
				CLANG_WARN_OBJC_ROOT_CLASS = YES_ERROR;
				CLANG_WARN_QUOTED_INCLUDE_IN_FRAMEWORK_HEADER = YES;
				CLANG_WARN_RANGE_LOOP_ANALYSIS = YES;
				CLANG_WARN_STRICT_PROTOTYPES = YES;
				CLANG_WARN_SUSPICIOUS_MOVE = YES;
				CLANG_WARN_UNGUARDED_AVAILABILITY = YES_AGGRESSIVE;
				CLANG_WARN_UNREACHABLE_CODE = YES;
				CLANG_WARN__DUPLICATE_METHOD_MATCH = YES;
				COPY_PHASE_STRIP = NO;
				DEBUG_INFORMATION_FORMAT = dwarf;
				ENABLE_STRICT_OBJC_MSGSEND = YES;
				ENABLE_TESTABILITY = YES;
				GCC_C_LANGUAGE_STANDARD = gnu11;
				GCC_DYNAMIC_NO_PIC = NO;
				GCC_NO_COMMON_BLOCKS = YES;
				GCC_OPTIMIZATION_LEVEL = 0;
				GCC_PREPROCESSOR_DEFINITIONS = (
					"DEBUG=1",
					"$(inherited)",
				);
				GCC_WARN_64_TO_32_BIT_CONVERSION = YES;
				GCC_WARN_ABOUT_RETURN_TYPE = YES_ERROR;
				GCC_WARN_UNDECLARED_SELECTOR = YES;
				GCC_WARN_UNINITIALIZED_AUTOS = YES_AGGRESSIVE;
				GCC_WARN_UNUSED_FUNCTION = YES;
				GCC_WARN_UNUSED_VARIABLE = YES;
				IPHONEOS_DEPLOYMENT_TARGET = 16.4;
				MTL_ENABLE_DEBUG_INFO = INCLUDE_SOURCE;
				MTL_FAST_MATH = YES;
				ONLY_ACTIVE_ARCH = YES;
				SDKROOT = iphoneos;
				SWIFT_ACTIVE_COMPILATION_CONDITIONS = DEBUG;
				SWIFT_OPTIMIZATION_LEVEL = "-Onone";
			};
			name = Debug;
		};
		786961A829EFF8D40046A659 /* Release */ = {
			isa = XCBuildConfiguration;
			buildSettings = {
				ALWAYS_SEARCH_USER_PATHS = NO;
				CLANG_ANALYZER_NONNULL = YES;
				CLANG_ANALYZER_NUMBER_OBJECT_CONVERSION = YES_AGGRESSIVE;
				CLANG_CXX_LANGUAGE_STANDARD = "gnu++20";
				CLANG_ENABLE_MODULES = YES;
				CLANG_ENABLE_OBJC_ARC = YES;
				CLANG_ENABLE_OBJC_WEAK = YES;
				CLANG_WARN_BLOCK_CAPTURE_AUTORELEASING = YES;
				CLANG_WARN_BOOL_CONVERSION = YES;
				CLANG_WARN_COMMA = YES;
				CLANG_WARN_CONSTANT_CONVERSION = YES;
				CLANG_WARN_DEPRECATED_OBJC_IMPLEMENTATIONS = YES;
				CLANG_WARN_DIRECT_OBJC_ISA_USAGE = YES_ERROR;
				CLANG_WARN_DOCUMENTATION_COMMENTS = YES;
				CLANG_WARN_EMPTY_BODY = YES;
				CLANG_WARN_ENUM_CONVERSION = YES;
				CLANG_WARN_INFINITE_RECURSION = YES;
				CLANG_WARN_INT_CONVERSION = YES;
				CLANG_WARN_NON_LITERAL_NULL_CONVERSION = YES;
				CLANG_WARN_OBJC_IMPLICIT_RETAIN_SELF = YES;
				CLANG_WARN_OBJC_LITERAL_CONVERSION = YES;
				CLANG_WARN_OBJC_ROOT_CLASS = YES_ERROR;
				CLANG_WARN_QUOTED_INCLUDE_IN_FRAMEWORK_HEADER = YES;
				CLANG_WARN_RANGE_LOOP_ANALYSIS = YES;
				CLANG_WARN_STRICT_PROTOTYPES = YES;
				CLANG_WARN_SUSPICIOUS_MOVE = YES;
				CLANG_WARN_UNGUARDED_AVAILABILITY = YES_AGGRESSIVE;
				CLANG_WARN_UNREACHABLE_CODE = YES;
				CLANG_WARN__DUPLICATE_METHOD_MATCH = YES;
				COPY_PHASE_STRIP = NO;
				DEBUG_INFORMATION_FORMAT = "dwarf-with-dsym";
				ENABLE_NS_ASSERTIONS = NO;
				ENABLE_STRICT_OBJC_MSGSEND = YES;
				GCC_C_LANGUAGE_STANDARD = gnu11;
				GCC_NO_COMMON_BLOCKS = YES;
				GCC_WARN_64_TO_32_BIT_CONVERSION = YES;
				GCC_WARN_ABOUT_RETURN_TYPE = YES_ERROR;
				GCC_WARN_UNDECLARED_SELECTOR = YES;
				GCC_WARN_UNINITIALIZED_AUTOS = YES_AGGRESSIVE;
				GCC_WARN_UNUSED_FUNCTION = YES;
				GCC_WARN_UNUSED_VARIABLE = YES;
				IPHONEOS_DEPLOYMENT_TARGET = 16.4;
				MTL_ENABLE_DEBUG_INFO = NO;
				MTL_FAST_MATH = YES;
				SDKROOT = iphoneos;
				SWIFT_COMPILATION_MODE = wholemodule;
				SWIFT_OPTIMIZATION_LEVEL = "-O";
				VALIDATE_PRODUCT = YES;
			};
			name = Release;
		};
		786961AA29EFF8D40046A659 /* Debug */ = {
			isa = XCBuildConfiguration;
			buildSettings = {
				ASSETCATALOG_COMPILER_APPICON_NAME = AppIcon;
				ASSETCATALOG_COMPILER_GLOBAL_ACCENT_COLOR_NAME = AccentColor;
				CODE_SIGN_STYLE = Automatic;
				CURRENT_PROJECT_VERSION = 1;
				DEVELOPMENT_ASSET_PATHS = "\"LoginTutorial/Preview Content\"";
				DEVELOPMENT_TEAM = UG6UT639QH;
				ENABLE_PREVIEWS = YES;
				GENERATE_INFOPLIST_FILE = YES;
				INFOPLIST_KEY_UIApplicationSceneManifest_Generation = YES;
				INFOPLIST_KEY_UIApplicationSupportsIndirectInputEvents = YES;
				INFOPLIST_KEY_UILaunchScreen_Generation = YES;
				INFOPLIST_KEY_UISupportedInterfaceOrientations_iPad = "UIInterfaceOrientationPortrait UIInterfaceOrientationPortraitUpsideDown UIInterfaceOrientationLandscapeLeft UIInterfaceOrientationLandscapeRight";
				INFOPLIST_KEY_UISupportedInterfaceOrientations_iPhone = "UIInterfaceOrientationPortrait UIInterfaceOrientationLandscapeLeft UIInterfaceOrientationLandscapeRight";
				LD_RUNPATH_SEARCH_PATHS = (
					"$(inherited)",
					"@executable_path/Frameworks",
				);
				MARKETING_VERSION = 1.0;
				PRODUCT_BUNDLE_IDENTIFIER = dayjack.LoginTutorial;
				PRODUCT_NAME = "$(TARGET_NAME)";
				SWIFT_EMIT_LOC_STRINGS = YES;
				SWIFT_VERSION = 5.0;
				TARGETED_DEVICE_FAMILY = "1,2";
			};
			name = Debug;
		};
		786961AB29EFF8D40046A659 /* Release */ = {
			isa = XCBuildConfiguration;
			buildSettings = {
				ASSETCATALOG_COMPILER_APPICON_NAME = AppIcon;
				ASSETCATALOG_COMPILER_GLOBAL_ACCENT_COLOR_NAME = AccentColor;
				CODE_SIGN_STYLE = Automatic;
				CURRENT_PROJECT_VERSION = 1;
				DEVELOPMENT_ASSET_PATHS = "\"LoginTutorial/Preview Content\"";
				DEVELOPMENT_TEAM = UG6UT639QH;
				ENABLE_PREVIEWS = YES;
				GENERATE_INFOPLIST_FILE = YES;
				INFOPLIST_KEY_UIApplicationSceneManifest_Generation = YES;
				INFOPLIST_KEY_UIApplicationSupportsIndirectInputEvents = YES;
				INFOPLIST_KEY_UILaunchScreen_Generation = YES;
				INFOPLIST_KEY_UISupportedInterfaceOrientations_iPad = "UIInterfaceOrientationPortrait UIInterfaceOrientationPortraitUpsideDown UIInterfaceOrientationLandscapeLeft UIInterfaceOrientationLandscapeRight";
				INFOPLIST_KEY_UISupportedInterfaceOrientations_iPhone = "UIInterfaceOrientationPortrait UIInterfaceOrientationLandscapeLeft UIInterfaceOrientationLandscapeRight";
				LD_RUNPATH_SEARCH_PATHS = (
					"$(inherited)",
					"@executable_path/Frameworks",
				);
				MARKETING_VERSION = 1.0;
				PRODUCT_BUNDLE_IDENTIFIER = dayjack.LoginTutorial;
				PRODUCT_NAME = "$(TARGET_NAME)";
				SWIFT_EMIT_LOC_STRINGS = YES;
				SWIFT_VERSION = 5.0;
				TARGETED_DEVICE_FAMILY = "1,2";
			};
			name = Release;
		};
		786961AD29EFF8D40046A659 /* Debug */ = {
			isa = XCBuildConfiguration;
			buildSettings = {
				ALWAYS_EMBED_SWIFT_STANDARD_LIBRARIES = YES;
				BUNDLE_LOADER = "$(TEST_HOST)";
				CODE_SIGN_STYLE = Automatic;
				CURRENT_PROJECT_VERSION = 1;
				DEVELOPMENT_TEAM = UG6UT639QH;
				GENERATE_INFOPLIST_FILE = YES;
				IPHONEOS_DEPLOYMENT_TARGET = 16.4;
				MARKETING_VERSION = 1.0;
				PRODUCT_BUNDLE_IDENTIFIER = dayjack.LoginTutorialTests;
				PRODUCT_NAME = "$(TARGET_NAME)";
				SWIFT_EMIT_LOC_STRINGS = NO;
				SWIFT_VERSION = 5.0;
				TARGETED_DEVICE_FAMILY = "1,2";
				TEST_HOST = "$(BUILT_PRODUCTS_DIR)/LoginTutorial.app/$(BUNDLE_EXECUTABLE_FOLDER_PATH)/LoginTutorial";
			};
			name = Debug;
		};
		786961AE29EFF8D40046A659 /* Release */ = {
			isa = XCBuildConfiguration;
			buildSettings = {
				ALWAYS_EMBED_SWIFT_STANDARD_LIBRARIES = YES;
				BUNDLE_LOADER = "$(TEST_HOST)";
				CODE_SIGN_STYLE = Automatic;
				CURRENT_PROJECT_VERSION = 1;
				DEVELOPMENT_TEAM = UG6UT639QH;
				GENERATE_INFOPLIST_FILE = YES;
				IPHONEOS_DEPLOYMENT_TARGET = 16.4;
				MARKETING_VERSION = 1.0;
				PRODUCT_BUNDLE_IDENTIFIER = dayjack.LoginTutorialTests;
				PRODUCT_NAME = "$(TARGET_NAME)";
				SWIFT_EMIT_LOC_STRINGS = NO;
				SWIFT_VERSION = 5.0;
				TARGETED_DEVICE_FAMILY = "1,2";
				TEST_HOST = "$(BUILT_PRODUCTS_DIR)/LoginTutorial.app/$(BUNDLE_EXECUTABLE_FOLDER_PATH)/LoginTutorial";
			};
			name = Release;
		};
		786961B029EFF8D40046A659 /* Debug */ = {
			isa = XCBuildConfiguration;
			buildSettings = {
				ALWAYS_EMBED_SWIFT_STANDARD_LIBRARIES = YES;
				CODE_SIGN_STYLE = Automatic;
				CURRENT_PROJECT_VERSION = 1;
				DEVELOPMENT_TEAM = UG6UT639QH;
				GENERATE_INFOPLIST_FILE = YES;
				MARKETING_VERSION = 1.0;
				PRODUCT_BUNDLE_IDENTIFIER = dayjack.LoginTutorialUITests;
				PRODUCT_NAME = "$(TARGET_NAME)";
				SWIFT_EMIT_LOC_STRINGS = NO;
				SWIFT_VERSION = 5.0;
				TARGETED_DEVICE_FAMILY = "1,2";
				TEST_TARGET_NAME = LoginTutorial;
			};
			name = Debug;
		};
		786961B129EFF8D40046A659 /* Release */ = {
			isa = XCBuildConfiguration;
			buildSettings = {
				ALWAYS_EMBED_SWIFT_STANDARD_LIBRARIES = YES;
				CODE_SIGN_STYLE = Automatic;
				CURRENT_PROJECT_VERSION = 1;
				DEVELOPMENT_TEAM = UG6UT639QH;
				GENERATE_INFOPLIST_FILE = YES;
				MARKETING_VERSION = 1.0;
				PRODUCT_BUNDLE_IDENTIFIER = dayjack.LoginTutorialUITests;
				PRODUCT_NAME = "$(TARGET_NAME)";
				SWIFT_EMIT_LOC_STRINGS = NO;
				SWIFT_VERSION = 5.0;
				TARGETED_DEVICE_FAMILY = "1,2";
				TEST_TARGET_NAME = LoginTutorial;
			};
			name = Release;
		};
/* End XCBuildConfiguration section */

/* Begin XCConfigurationList section */
		7869618029EFF8D30046A659 /* Build configuration list for PBXProject "LoginTutorial" */ = {
			isa = XCConfigurationList;
			buildConfigurations = (
				786961A729EFF8D40046A659 /* Debug */,
				786961A829EFF8D40046A659 /* Release */,
			);
			defaultConfigurationIsVisible = 0;
			defaultConfigurationName = Release;
		};
		786961A929EFF8D40046A659 /* Build configuration list for PBXNativeTarget "LoginTutorial" */ = {
			isa = XCConfigurationList;
			buildConfigurations = (
				786961AA29EFF8D40046A659 /* Debug */,
				786961AB29EFF8D40046A659 /* Release */,
			);
			defaultConfigurationIsVisible = 0;
			defaultConfigurationName = Release;
		};
		786961AC29EFF8D40046A659 /* Build configuration list for PBXNativeTarget "LoginTutorialTests" */ = {
			isa = XCConfigurationList;
			buildConfigurations = (
				786961AD29EFF8D40046A659 /* Debug */,
				786961AE29EFF8D40046A659 /* Release */,
			);
			defaultConfigurationIsVisible = 0;
			defaultConfigurationName = Release;
		};
		786961AF29EFF8D40046A659 /* Build configuration list for PBXNativeTarget "LoginTutorialUITests" */ = {
			isa = XCConfigurationList;
			buildConfigurations = (
				786961B029EFF8D40046A659 /* Debug */,
				786961B129EFF8D40046A659 /* Release */,
			);
			defaultConfigurationIsVisible = 0;
			defaultConfigurationName = Release;
		};
/* End XCConfigurationList section */
	};
	rootObject = 7869617D29EFF8D30046A659 /* Project object */;
}
