// !$*UTF8*$!
{
	archiveVersion = 1;
	classes = {
	};
	objectVersion = 56;
	objects = {

/* Begin PBXBuildFile section */
		05E0EA138334E024FEDB536A /* Pods_LoginTutorialTests.framework in Frameworks */ = {isa = PBXBuildFile; fileRef = 54784292963FBE5B57B66715 /* Pods_LoginTutorialTests.framework */; };
		7869618929EFF8D30046A659 /* LoginTutorialApp.swift in Sources */ = {isa = PBXBuildFile; fileRef = 7869618829EFF8D30046A659 /* LoginTutorialApp.swift */; };
		7869618B29EFF8D30046A659 /* ContentView.swift in Sources */ = {isa = PBXBuildFile; fileRef = 7869618A29EFF8D30046A659 /* ContentView.swift */; };
		7869618D29EFF8D40046A659 /* Assets.xcassets in Resources */ = {isa = PBXBuildFile; fileRef = 7869618C29EFF8D40046A659 /* Assets.xcassets */; };
		7869619029EFF8D40046A659 /* Preview Assets.xcassets in Resources */ = {isa = PBXBuildFile; fileRef = 7869618F29EFF8D40046A659 /* Preview Assets.xcassets */; };
		7869619A29EFF8D40046A659 /* LoginTutorialTests.swift in Sources */ = {isa = PBXBuildFile; fileRef = 7869619929EFF8D40046A659 /* LoginTutorialTests.swift */; };
		786961A429EFF8D40046A659 /* LoginTutorialUITests.swift in Sources */ = {isa = PBXBuildFile; fileRef = 786961A329EFF8D40046A659 /* LoginTutorialUITests.swift */; };
		786961A629EFF8D40046A659 /* LoginTutorialUITestsLaunchTests.swift in Sources */ = {isa = PBXBuildFile; fileRef = 786961A529EFF8D40046A659 /* LoginTutorialUITestsLaunchTests.swift */; };
		786961B629EFF9230046A659 /* UserModel.swift in Sources */ = {isa = PBXBuildFile; fileRef = 786961B529EFF9230046A659 /* UserModel.swift */; };
		786961B829EFFB4B0046A659 /* UserListView.swift in Sources */ = {isa = PBXBuildFile; fileRef = 786961B729EFFB4B0046A659 /* UserListView.swift */; };
		78B376C229F0F9F60003C9C0 /* SignUpView.swift in Sources */ = {isa = PBXBuildFile; fileRef = 78B376C129F0F9F60003C9C0 /* SignUpView.swift */; };
		78B376C529F11EC00003C9C0 /* Crypto in Frameworks */ = {isa = PBXBuildFile; productRef = 78B376C429F11EC00003C9C0 /* Crypto */; };
		78B376C729F124090003C9C0 /* StringExtension.swift in Sources */ = {isa = PBXBuildFile; fileRef = 78B376C629F124090003C9C0 /* StringExtension.swift */; };
		89FF7D3F2D837C3C41209C59 /* Pods_LoginTutorial.framework in Frameworks */ = {isa = PBXBuildFile; fileRef = 657C19D903D53F9CB27FB034 /* Pods_LoginTutorial.framework */; };
		FD65F38DD768A0CA0DCB857D /* Pods_LoginTutorial_LoginTutorialUITests.framework in Frameworks */ = {isa = PBXBuildFile; fileRef = DF1D3E5EE88411E500288B4C /* Pods_LoginTutorial_LoginTutorialUITests.framework */; };
/* End PBXBuildFile section */

/* Begin PBXContainerItemProxy section */
		7869619629EFF8D40046A659 /* PBXContainerItemProxy */ = {
			isa = PBXContainerItemProxy;
			containerPortal = 7869617D29EFF8D30046A659 /* Project object */;
			proxyType = 1;
			remoteGlobalIDString = 7869618429EFF8D30046A659;
			remoteInfo = LoginTutorial;
		};
		786961A029EFF8D40046A659 /* PBXContainerItemProxy */ = {
			isa = PBXContainerItemProxy;
			containerPortal = 7869617D29EFF8D30046A659 /* Project object */;
			proxyType = 1;
			remoteGlobalIDString = 7869618429EFF8D30046A659;
			remoteInfo = LoginTutorial;
		};
/* End PBXContainerItemProxy section */

/* Begin PBXFileReference section */
		2E2196835EC4BAB82F9E0D68 /* Pods-LoginTutorialTests.debug.xcconfig */ = {isa = PBXFileReference; includeInIndex = 1; lastKnownFileType = text.xcconfig; name = "Pods-LoginTutorialTests.debug.xcconfig"; path = "Target Support Files/Pods-LoginTutorialTests/Pods-LoginTutorialTests.debug.xcconfig"; sourceTree = "<group>"; };
		54784292963FBE5B57B66715 /* Pods_LoginTutorialTests.framework */ = {isa = PBXFileReference; explicitFileType = wrapper.framework; includeInIndex = 0; path = Pods_LoginTutorialTests.framework; sourceTree = BUILT_PRODUCTS_DIR; };
		5B6C3E5216909B3F0FE10ACA /* Pods-LoginTutorialTests.release.xcconfig */ = {isa = PBXFileReference; includeInIndex = 1; lastKnownFileType = text.xcconfig; name = "Pods-LoginTutorialTests.release.xcconfig"; path = "Target Support Files/Pods-LoginTutorialTests/Pods-LoginTutorialTests.release.xcconfig"; sourceTree = "<group>"; };
		657C19D903D53F9CB27FB034 /* Pods_LoginTutorial.framework */ = {isa = PBXFileReference; explicitFileType = wrapper.framework; includeInIndex = 0; path = Pods_LoginTutorial.framework; sourceTree = BUILT_PRODUCTS_DIR; };
		7869618529EFF8D30046A659 /* LoginTutorial.app */ = {isa = PBXFileReference; explicitFileType = wrapper.application; includeInIndex = 0; path = LoginTutorial.app; sourceTree = BUILT_PRODUCTS_DIR; };
		7869618829EFF8D30046A659 /* LoginTutorialApp.swift */ = {isa = PBXFileReference; lastKnownFileType = sourcecode.swift; path = LoginTutorialApp.swift; sourceTree = "<group>"; };
		7869618A29EFF8D30046A659 /* ContentView.swift */ = {isa = PBXFileReference; lastKnownFileType = sourcecode.swift; path = ContentView.swift; sourceTree = "<group>"; };
		7869618C29EFF8D40046A659 /* Assets.xcassets */ = {isa = PBXFileReference; lastKnownFileType = folder.assetcatalog; path = Assets.xcassets; sourceTree = "<group>"; };
		7869618F29EFF8D40046A659 /* Preview Assets.xcassets */ = {isa = PBXFileReference; lastKnownFileType = folder.assetcatalog; path = "Preview Assets.xcassets"; sourceTree = "<group>"; };
		7869619529EFF8D40046A659 /* LoginTutorialTests.xctest */ = {isa = PBXFileReference; explicitFileType = wrapper.cfbundle; includeInIndex = 0; path = LoginTutorialTests.xctest; sourceTree = BUILT_PRODUCTS_DIR; };
		7869619929EFF8D40046A659 /* LoginTutorialTests.swift */ = {isa = PBXFileReference; lastKnownFileType = sourcecode.swift; path = LoginTutorialTests.swift; sourceTree = "<group>"; };
		7869619F29EFF8D40046A659 /* LoginTutorialUITests.xctest */ = {isa = PBXFileReference; explicitFileType = wrapper.cfbundle; includeInIndex = 0; path = LoginTutorialUITests.xctest; sourceTree = BUILT_PRODUCTS_DIR; };
		786961A329EFF8D40046A659 /* LoginTutorialUITests.swift */ = {isa = PBXFileReference; lastKnownFileType = sourcecode.swift; path = LoginTutorialUITests.swift; sourceTree = "<group>"; };
		786961A529EFF8D40046A659 /* LoginTutorialUITestsLaunchTests.swift */ = {isa = PBXFileReference; lastKnownFileType = sourcecode.swift; path = LoginTutorialUITestsLaunchTests.swift; sourceTree = "<group>"; };
		786961B529EFF9230046A659 /* UserModel.swift */ = {isa = PBXFileReference; lastKnownFileType = sourcecode.swift; path = UserModel.swift; sourceTree = "<group>"; };
		786961B729EFFB4B0046A659 /* UserListView.swift */ = {isa = PBXFileReference; lastKnownFileType = sourcecode.swift; path = UserListView.swift; sourceTree = "<group>"; };
		786961B929EFFD960046A659 /* Info.plist */ = {isa = PBXFileReference; lastKnownFileType = text.plist; path = Info.plist; sourceTree = "<group>"; };
		78B376C129F0F9F60003C9C0 /* SignUpView.swift */ = {isa = PBXFileReference; lastKnownFileType = sourcecode.swift; path = SignUpView.swift; sourceTree = "<group>"; };
		78B376C629F124090003C9C0 /* StringExtension.swift */ = {isa = PBXFileReference; lastKnownFileType = sourcecode.swift; path = StringExtension.swift; sourceTree = "<group>"; };
		9E196D11F13AC9262932AC69 /* Pods-LoginTutorial.debug.xcconfig */ = {isa = PBXFileReference; includeInIndex = 1; lastKnownFileType = text.xcconfig; name = "Pods-LoginTutorial.debug.xcconfig"; path = "Target Support Files/Pods-LoginTutorial/Pods-LoginTutorial.debug.xcconfig"; sourceTree = "<group>"; };
		A5C58A5415E4F5BD8C5309D5 /* Pods-LoginTutorial-LoginTutorialUITests.release.xcconfig */ = {isa = PBXFileReference; includeInIndex = 1; lastKnownFileType = text.xcconfig; name = "Pods-LoginTutorial-LoginTutorialUITests.release.xcconfig"; path = "Target Support Files/Pods-LoginTutorial-LoginTutorialUITests/Pods-LoginTutorial-LoginTutorialUITests.release.xcconfig"; sourceTree = "<group>"; };
		D3BCAD4ADF14B8E5A5A26703 /* Pods-LoginTutorial-LoginTutorialUITests.debug.xcconfig */ = {isa = PBXFileReference; includeInIndex = 1; lastKnownFileType = text.xcconfig; name = "Pods-LoginTutorial-LoginTutorialUITests.debug.xcconfig"; path = "Target Support Files/Pods-LoginTutorial-LoginTutorialUITests/Pods-LoginTutorial-LoginTutorialUITests.debug.xcconfig"; sourceTree = "<group>"; };
		DF1D3E5EE88411E500288B4C /* Pods_LoginTutorial_LoginTutorialUITests.framework */ = {isa = PBXFileReference; explicitFileType = wrapper.framework; includeInIndex = 0; path = Pods_LoginTutorial_LoginTutorialUITests.framework; sourceTree = BUILT_PRODUCTS_DIR; };
		E3D6886B627BFCED9587D892 /* Pods-LoginTutorial.release.xcconfig */ = {isa = PBXFileReference; includeInIndex = 1; lastKnownFileType = text.xcconfig; name = "Pods-LoginTutorial.release.xcconfig"; path = "Target Support Files/Pods-LoginTutorial/Pods-LoginTutorial.release.xcconfig"; sourceTree = "<group>"; };
/* End PBXFileReference section */

/* Begin PBXFrameworksBuildPhase section */
		7869618229EFF8D30046A659 /* Frameworks */ = {
			isa = PBXFrameworksBuildPhase;
			buildActionMask = 2147483647;
			files = (
				89FF7D3F2D837C3C41209C59 /* Pods_LoginTutorial.framework in Frameworks */,
				78B376C529F11EC00003C9C0 /* Crypto in Frameworks */,
			);
			runOnlyForDeploymentPostprocessing = 0;
		};
		7869619229EFF8D40046A659 /* Frameworks */ = {
			isa = PBXFrameworksBuildPhase;
			buildActionMask = 2147483647;
			files = (
				05E0EA138334E024FEDB536A /* Pods_LoginTutorialTests.framework in Frameworks */,
			);
			runOnlyForDeploymentPostprocessing = 0;
		};
		7869619C29EFF8D40046A659 /* Frameworks */ = {
			isa = PBXFrameworksBuildPhase;
			buildActionMask = 2147483647;
			files = (
				FD65F38DD768A0CA0DCB857D /* Pods_LoginTutorial_LoginTutorialUITests.framework in Frameworks */,
			);
			runOnlyForDeploymentPostprocessing = 0;
		};
/* End PBXFrameworksBuildPhase section */

/* Begin PBXGroup section */
		10E04729AE978BE5550DD0CD /* Frameworks */ = {
			isa = PBXGroup;
			children = (
				657C19D903D53F9CB27FB034 /* Pods_LoginTutorial.framework */,
				DF1D3E5EE88411E500288B4C /* Pods_LoginTutorial_LoginTutorialUITests.framework */,
				54784292963FBE5B57B66715 /* Pods_LoginTutorialTests.framework */,
			);
			name = Frameworks;
			sourceTree = "<group>";
		};
		7869617C29EFF8D30046A659 = {
			isa = PBXGroup;
			children = (
				7869618729EFF8D30046A659 /* LoginTutorial */,
				7869619829EFF8D40046A659 /* LoginTutorialTests */,
				786961A229EFF8D40046A659 /* LoginTutorialUITests */,
				7869618629EFF8D30046A659 /* Products */,
				BFBDF0BAA4F2A7E79BB175C2 /* Pods */,
				10E04729AE978BE5550DD0CD /* Frameworks */,
			);
			sourceTree = "<group>";
		};
		7869618629EFF8D30046A659 /* Products */ = {
			isa = PBXGroup;
			children = (
				7869618529EFF8D30046A659 /* LoginTutorial.app */,
				7869619529EFF8D40046A659 /* LoginTutorialTests.xctest */,
				7869619F29EFF8D40046A659 /* LoginTutorialUITests.xctest */,
			);
			name = Products;
			sourceTree = "<group>";
		};
		7869618729EFF8D30046A659 /* LoginTutorial */ = {
			isa = PBXGroup;
			children = (
				786961B929EFFD960046A659 /* Info.plist */,
				7869618829EFF8D30046A659 /* LoginTutorialApp.swift */,
				786961B429EFF9080046A659 /* Model */,
				786961B229EFF8DF0046A659 /* View */,
				7869618C29EFF8D40046A659 /* Assets.xcassets */,
				7869618E29EFF8D40046A659 /* Preview Content */,
			);
			path = LoginTutorial;
			sourceTree = "<group>";
		};
		7869618E29EFF8D40046A659 /* Preview Content */ = {
			isa = PBXGroup;
			children = (
				7869618F29EFF8D40046A659 /* Preview Assets.xcassets */,
			);
			path = "Preview Content";
			sourceTree = "<group>";
		};
		7869619829EFF8D40046A659 /* LoginTutorialTests */ = {
			isa = PBXGroup;
			children = (
				7869619929EFF8D40046A659 /* LoginTutorialTests.swift */,
			);
			path = LoginTutorialTests;
			sourceTree = "<group>";
		};
		786961A229EFF8D40046A659 /* LoginTutorialUITests */ = {
			isa = PBXGroup;
			children = (
				786961A329EFF8D40046A659 /* LoginTutorialUITests.swift */,
				786961A529EFF8D40046A659 /* LoginTutorialUITestsLaunchTests.swift */,
			);
			path = LoginTutorialUITests;
			sourceTree = "<group>";
		};
		786961B229EFF8DF0046A659 /* View */ = {
			isa = PBXGroup;
			children = (
				7869618A29EFF8D30046A659 /* ContentView.swift */,
				786961B729EFFB4B0046A659 /* UserListView.swift */,
				78B376C129F0F9F60003C9C0 /* SignUpView.swift */,
				78B376C629F124090003C9C0 /* StringExtension.swift */,
			);
			path = View;
			sourceTree = "<group>";
		};
		786961B429EFF9080046A659 /* Model */ = {
			isa = PBXGroup;
			children = (
				786961B529EFF9230046A659 /* UserModel.swift */,
			);
			path = Model;
			sourceTree = "<group>";
		};
		BFBDF0BAA4F2A7E79BB175C2 /* Pods */ = {
			isa = PBXGroup;
			children = (
				9E196D11F13AC9262932AC69 /* Pods-LoginTutorial.debug.xcconfig */,
				E3D6886B627BFCED9587D892 /* Pods-LoginTutorial.release.xcconfig */,
				D3BCAD4ADF14B8E5A5A26703 /* Pods-LoginTutorial-LoginTutorialUITests.debug.xcconfig */,
				A5C58A5415E4F5BD8C5309D5 /* Pods-LoginTutorial-LoginTutorialUITests.release.xcconfig */,
				2E2196835EC4BAB82F9E0D68 /* Pods-LoginTutorialTests.debug.xcconfig */,
				5B6C3E5216909B3F0FE10ACA /* Pods-LoginTutorialTests.release.xcconfig */,
			);
			path = Pods;
			sourceTree = "<group>";
		};
/* End PBXGroup section */

/* Begin PBXNativeTarget section */
		7869618429EFF8D30046A659 /* LoginTutorial */ = {
			isa = PBXNativeTarget;
			buildConfigurationList = 786961A929EFF8D40046A659 /* Build configuration list for PBXNativeTarget "LoginTutorial" */;
			buildPhases = (
				DCBF2E89A7AEA31E046865A7 /* [CP] Check Pods Manifest.lock */,
				7869618129EFF8D30046A659 /* Sources */,
				7869618229EFF8D30046A659 /* Frameworks */,
				7869618329EFF8D30046A659 /* Resources */,
				AA89CE33568D75552CB05280 /* [CP] Embed Pods Frameworks */,
			);
			buildRules = (
			);
			dependencies = (
			);
			name = LoginTutorial;
			packageProductDependencies = (
				78B376C429F11EC00003C9C0 /* Crypto */,
			);
			productName = LoginTutorial;
			productReference = 7869618529EFF8D30046A659 /* LoginTutorial.app */;
			productType = "com.apple.product-type.application";
		};
		7869619429EFF8D40046A659 /* LoginTutorialTests */ = {
			isa = PBXNativeTarget;
			buildConfigurationList = 786961AC29EFF8D40046A659 /* Build configuration list for PBXNativeTarget "LoginTutorialTests" */;
			buildPhases = (
				EBB40542378A8435452E90EE /* [CP] Check Pods Manifest.lock */,
				7869619129EFF8D40046A659 /* Sources */,
				7869619229EFF8D40046A659 /* Frameworks */,
				7869619329EFF8D40046A659 /* Resources */,
			);
			buildRules = (
			);
			dependencies = (
				7869619729EFF8D40046A659 /* PBXTargetDependency */,
			);
			name = LoginTutorialTests;
			productName = LoginTutorialTests;
			productReference = 7869619529EFF8D40046A659 /* LoginTutorialTests.xctest */;
			productType = "com.apple.product-type.bundle.unit-test";
		};
		7869619E29EFF8D40046A659 /* LoginTutorialUITests */ = {
			isa = PBXNativeTarget;
			buildConfigurationList = 786961AF29EFF8D40046A659 /* Build configuration list for PBXNativeTarget "LoginTutorialUITests" */;
			buildPhases = (
				5523A4C3E43B3F77BD09486B /* [CP] Check Pods Manifest.lock */,
				7869619B29EFF8D40046A659 /* Sources */,
				7869619C29EFF8D40046A659 /* Frameworks */,
				7869619D29EFF8D40046A659 /* Resources */,
				5DFDAEAB09EB85BD3EB6F11B /* [CP] Embed Pods Frameworks */,
			);
			buildRules = (
			);
			dependencies = (
				786961A129EFF8D40046A659 /* PBXTargetDependency */,
			);
			name = LoginTutorialUITests;
			productName = LoginTutorialUITests;
			productReference = 7869619F29EFF8D40046A659 /* LoginTutorialUITests.xctest */;
			productType = "com.apple.product-type.bundle.ui-testing";
		};
/* End PBXNativeTarget section */

/* Begin PBXProject section */
		7869617D29EFF8D30046A659 /* Project object */ = {
			isa = PBXProject;
			attributes = {
				BuildIndependentTargetsInParallel = 1;
				LastSwiftUpdateCheck = 1430;
				LastUpgradeCheck = 1430;
				TargetAttributes = {
					7869618429EFF8D30046A659 = {
						CreatedOnToolsVersion = 14.3;
					};
					7869619429EFF8D40046A659 = {
						CreatedOnToolsVersion = 14.3;
						TestTargetID = 7869618429EFF8D30046A659;
					};
					7869619E29EFF8D40046A659 = {
						CreatedOnToolsVersion = 14.3;
						TestTargetID = 7869618429EFF8D30046A659;
					};
				};
			};
			buildConfigurationList = 7869618029EFF8D30046A659 /* Build configuration list for PBXProject "LoginTutorial" */;
			compatibilityVersion = "Xcode 14.0";
			developmentRegion = en;
			hasScannedForEncodings = 0;
			knownRegions = (
				en,
				Base,
			);
			mainGroup = 7869617C29EFF8D30046A659;
			packageReferences = (
				78B376C329F11EC00003C9C0 /* XCRemoteSwiftPackageReference "swift-crypto" */,
			);
			productRefGroup = 7869618629EFF8D30046A659 /* Products */;
			projectDirPath = "";
			projectRoot = "";
			targets = (
				7869618429EFF8D30046A659 /* LoginTutorial */,
				7869619429EFF8D40046A659 /* LoginTutorialTests */,
				7869619E29EFF8D40046A659 /* LoginTutorialUITests */,
			);
		};
/* End PBXProject section */

/* Begin PBXResourcesBuildPhase section */
		7869618329EFF8D30046A659 /* Resources */ = {
			isa = PBXResourcesBuildPhase;
			buildActionMask = 2147483647;
			files = (
				7869619029EFF8D40046A659 /* Preview Assets.xcassets in Resources */,
				7869618D29EFF8D40046A659 /* Assets.xcassets in Resources */,
			);
			runOnlyForDeploymentPostprocessing = 0;
		};
		7869619329EFF8D40046A659 /* Resources */ = {
			isa = PBXResourcesBuildPhase;
			buildActionMask = 2147483647;
			files = (
			);
			runOnlyForDeploymentPostprocessing = 0;
		};
		7869619D29EFF8D40046A659 /* Resources */ = {
			isa = PBXResourcesBuildPhase;
			buildActionMask = 2147483647;
			files = (
			);
			runOnlyForDeploymentPostprocessing = 0;
		};
/* End PBXResourcesBuildPhase section */

/* Begin PBXShellScriptBuildPhase section */
		5523A4C3E43B3F77BD09486B /* [CP] Check Pods Manifest.lock */ = {
			isa = PBXShellScriptBuildPhase;
			buildActionMask = 2147483647;
			files = (
			);
			inputFileListPaths = (
			);
			inputPaths = (
				"${PODS_PODFILE_DIR_PATH}/Podfile.lock",
				"${PODS_ROOT}/Manifest.lock",
			);
			name = "[CP] Check Pods Manifest.lock";
			outputFileListPaths = (
			);
			outputPaths = (
				"$(DERIVED_FILE_DIR)/Pods-LoginTutorial-LoginTutorialUITests-checkManifestLockResult.txt",
			);
			runOnlyForDeploymentPostprocessing = 0;
			shellPath = /bin/sh;
			shellScript = "diff \"${PODS_PODFILE_DIR_PATH}/Podfile.lock\" \"${PODS_ROOT}/Manifest.lock\" > /dev/null\nif [ $? != 0 ] ; then\n    # print error to STDERR\n    echo \"error: The sandbox is not in sync with the Podfile.lock. Run 'pod install' or update your CocoaPods installation.\" >&2\n    exit 1\nfi\n# This output is used by Xcode 'outputs' to avoid re-running this script phase.\necho \"SUCCESS\" > \"${SCRIPT_OUTPUT_FILE_0}\"\n";
			showEnvVarsInLog = 0;
		};
		5DFDAEAB09EB85BD3EB6F11B /* [CP] Embed Pods Frameworks */ = {
			isa = PBXShellScriptBuildPhase;
			buildActionMask = 2147483647;
			files = (
			);
			inputFileListPaths = (
				"${PODS_ROOT}/Target Support Files/Pods-LoginTutorial-LoginTutorialUITests/Pods-LoginTutorial-LoginTutorialUITests-frameworks-${CONFIGURATION}-input-files.xcfilelist",
			);
			name = "[CP] Embed Pods Frameworks";
			outputFileListPaths = (
				"${PODS_ROOT}/Target Support Files/Pods-LoginTutorial-LoginTutorialUITests/Pods-LoginTutorial-LoginTutorialUITests-frameworks-${CONFIGURATION}-output-files.xcfilelist",
			);
			runOnlyForDeploymentPostprocessing = 0;
			shellPath = /bin/sh;
			shellScript = "\"${PODS_ROOT}/Target Support Files/Pods-LoginTutorial-LoginTutorialUITests/Pods-LoginTutorial-LoginTutorialUITests-frameworks.sh\"\n";
			showEnvVarsInLog = 0;
		};
		AA89CE33568D75552CB05280 /* [CP] Embed Pods Frameworks */ = {
			isa = PBXShellScriptBuildPhase;
			buildActionMask = 2147483647;
			files = (
			);
			inputFileListPaths = (
				"${PODS_ROOT}/Target Support Files/Pods-LoginTutorial/Pods-LoginTutorial-frameworks-${CONFIGURATION}-input-files.xcfilelist",
			);
			name = "[CP] Embed Pods Frameworks";
			outputFileListPaths = (
				"${PODS_ROOT}/Target Support Files/Pods-LoginTutorial/Pods-LoginTutorial-frameworks-${CONFIGURATION}-output-files.xcfilelist",
			);
			runOnlyForDeploymentPostprocessing = 0;
			shellPath = /bin/sh;
			shellScript = "\"${PODS_ROOT}/Target Support Files/Pods-LoginTutorial/Pods-LoginTutorial-frameworks.sh\"\n";
			showEnvVarsInLog = 0;
		};
		DCBF2E89A7AEA31E046865A7 /* [CP] Check Pods Manifest.lock */ = {
			isa = PBXShellScriptBuildPhase;
			buildActionMask = 2147483647;
			files = (
			);
			inputFileListPaths = (
			);
			inputPaths = (
				"${PODS_PODFILE_DIR_PATH}/Podfile.lock",
				"${PODS_ROOT}/Manifest.lock",
			);
			name = "[CP] Check Pods Manifest.lock";
			outputFileListPaths = (
			);
			outputPaths = (
				"$(DERIVED_FILE_DIR)/Pods-LoginTutorial-checkManifestLockResult.txt",
			);
			runOnlyForDeploymentPostprocessing = 0;
			shellPath = /bin/sh;
			shellScript = "diff \"${PODS_PODFILE_DIR_PATH}/Podfile.lock\" \"${PODS_ROOT}/Manifest.lock\" > /dev/null\nif [ $? != 0 ] ; then\n    # print error to STDERR\n    echo \"error: The sandbox is not in sync with the Podfile.lock. Run 'pod install' or update your CocoaPods installation.\" >&2\n    exit 1\nfi\n# This output is used by Xcode 'outputs' to avoid re-running this script phase.\necho \"SUCCESS\" > \"${SCRIPT_OUTPUT_FILE_0}\"\n";
			showEnvVarsInLog = 0;
		};
		EBB40542378A8435452E90EE /* [CP] Check Pods Manifest.lock */ = {
			isa = PBXShellScriptBuildPhase;
			buildActionMask = 2147483647;
			files = (
			);
			inputFileListPaths = (
			);
			inputPaths = (
				"${PODS_PODFILE_DIR_PATH}/Podfile.lock",
				"${PODS_ROOT}/Manifest.lock",
			);
			name = "[CP] Check Pods Manifest.lock";
			outputFileListPaths = (
			);
			outputPaths = (
				"$(DERIVED_FILE_DIR)/Pods-LoginTutorialTests-checkManifestLockResult.txt",
			);
			runOnlyForDeploymentPostprocessing = 0;
			shellPath = /bin/sh;
			shellScript = "diff \"${PODS_PODFILE_DIR_PATH}/Podfile.lock\" \"${PODS_ROOT}/Manifest.lock\" > /dev/null\nif [ $? != 0 ] ; then\n    # print error to STDERR\n    echo \"error: The sandbox is not in sync with the Podfile.lock. Run 'pod install' or update your CocoaPods installation.\" >&2\n    exit 1\nfi\n# This output is used by Xcode 'outputs' to avoid re-running this script phase.\necho \"SUCCESS\" > \"${SCRIPT_OUTPUT_FILE_0}\"\n";
			showEnvVarsInLog = 0;
		};
/* End PBXShellScriptBuildPhase section */

/* Begin PBXSourcesBuildPhase section */
		7869618129EFF8D30046A659 /* Sources */ = {
			isa = PBXSourcesBuildPhase;
			buildActionMask = 2147483647;
			files = (
				7869618B29EFF8D30046A659 /* ContentView.swift in Sources */,
				78B376C229F0F9F60003C9C0 /* SignUpView.swift in Sources */,
				78B376C729F124090003C9C0 /* StringExtension.swift in Sources */,
				786961B629EFF9230046A659 /* UserModel.swift in Sources */,
				7869618929EFF8D30046A659 /* LoginTutorialApp.swift in Sources */,
				786961B829EFFB4B0046A659 /* UserListView.swift in Sources */,
			);
			runOnlyForDeploymentPostprocessing = 0;
		};
		7869619129EFF8D40046A659 /* Sources */ = {
			isa = PBXSourcesBuildPhase;
			buildActionMask = 2147483647;
			files = (
				7869619A29EFF8D40046A659 /* LoginTutorialTests.swift in Sources */,
			);
			runOnlyForDeploymentPostprocessing = 0;
		};
		7869619B29EFF8D40046A659 /* Sources */ = {
			isa = PBXSourcesBuildPhase;
			buildActionMask = 2147483647;
			files = (
				786961A629EFF8D40046A659 /* LoginTutorialUITestsLaunchTests.swift in Sources */,
				786961A429EFF8D40046A659 /* LoginTutorialUITests.swift in Sources */,
			);
			runOnlyForDeploymentPostprocessing = 0;
		};
/* End PBXSourcesBuildPhase section */

/* Begin PBXTargetDependency section */
		7869619729EFF8D40046A659 /* PBXTargetDependency */ = {
			isa = PBXTargetDependency;
			target = 7869618429EFF8D30046A659 /* LoginTutorial */;
			targetProxy = 7869619629EFF8D40046A659 /* PBXContainerItemProxy */;
		};
		786961A129EFF8D40046A659 /* PBXTargetDependency */ = {
			isa = PBXTargetDependency;
			target = 7869618429EFF8D30046A659 /* LoginTutorial */;
			targetProxy = 786961A029EFF8D40046A659 /* PBXContainerItemProxy */;
		};
/* End PBXTargetDependency section */

/* Begin XCBuildConfiguration section */
		786961A729EFF8D40046A659 /* Debug */ = {
			isa = XCBuildConfiguration;
			buildSettings = {
				ALWAYS_SEARCH_USER_PATHS = NO;
				CLANG_ANALYZER_NONNULL = YES;
				CLANG_ANALYZER_NUMBER_OBJECT_CONVERSION = YES_AGGRESSIVE;
				CLANG_CXX_LANGUAGE_STANDARD = "gnu++20";
				CLANG_ENABLE_MODULES = YES;
				CLANG_ENABLE_OBJC_ARC = YES;
				CLANG_ENABLE_OBJC_WEAK = YES;
				CLANG_WARN_BLOCK_CAPTURE_AUTORELEASING = YES;
				CLANG_WARN_BOOL_CONVERSION = YES;
				CLANG_WARN_COMMA = YES;
				CLANG_WARN_CONSTANT_CONVERSION = YES;
				CLANG_WARN_DEPRECATED_OBJC_IMPLEMENTATIONS = YES;
				CLANG_WARN_DIRECT_OBJC_ISA_USAGE = YES_ERROR;
				CLANG_WARN_DOCUMENTATION_COMMENTS = YES;
				CLANG_WARN_EMPTY_BODY = YES;
				CLANG_WARN_ENUM_CONVERSION = YES;
				CLANG_WARN_INFINITE_RECURSION = YES;
				CLANG_WARN_INT_CONVERSION = YES;
				CLANG_WARN_NON_LITERAL_NULL_CONVERSION = YES;
				CLANG_WARN_OBJC_IMPLICIT_RETAIN_SELF = YES;
				CLANG_WARN_OBJC_LITERAL_CONVERSION = YES;
				CLANG_WARN_OBJC_ROOT_CLASS = YES_ERROR;
				CLANG_WARN_QUOTED_INCLUDE_IN_FRAMEWORK_HEADER = YES;
				CLANG_WARN_RANGE_LOOP_ANALYSIS = YES;
				CLANG_WARN_STRICT_PROTOTYPES = YES;
				CLANG_WARN_SUSPICIOUS_MOVE = YES;
				CLANG_WARN_UNGUARDED_AVAILABILITY = YES_AGGRESSIVE;
				CLANG_WARN_UNREACHABLE_CODE = YES;
				CLANG_WARN__DUPLICATE_METHOD_MATCH = YES;
				COPY_PHASE_STRIP = NO;
				DEBUG_INFORMATION_FORMAT = dwarf;
				ENABLE_STRICT_OBJC_MSGSEND = YES;
				ENABLE_TESTABILITY = YES;
				GCC_C_LANGUAGE_STANDARD = gnu11;
				GCC_DYNAMIC_NO_PIC = NO;
				GCC_NO_COMMON_BLOCKS = YES;
				GCC_OPTIMIZATION_LEVEL = 0;
				GCC_PREPROCESSOR_DEFINITIONS = (
					"DEBUG=1",
					"$(inherited)",
				);
				GCC_WARN_64_TO_32_BIT_CONVERSION = YES;
				GCC_WARN_ABOUT_RETURN_TYPE = YES_ERROR;
				GCC_WARN_UNDECLARED_SELECTOR = YES;
				GCC_WARN_UNINITIALIZED_AUTOS = YES_AGGRESSIVE;
				GCC_WARN_UNUSED_FUNCTION = YES;
				GCC_WARN_UNUSED_VARIABLE = YES;
				IPHONEOS_DEPLOYMENT_TARGET = 16.4;
				MTL_ENABLE_DEBUG_INFO = INCLUDE_SOURCE;
				MTL_FAST_MATH = YES;
				ONLY_ACTIVE_ARCH = YES;
				SDKROOT = iphoneos;
				SWIFT_ACTIVE_COMPILATION_CONDITIONS = DEBUG;
				SWIFT_OPTIMIZATION_LEVEL = "-Onone";
			};
			name = Debug;
		};
		786961A829EFF8D40046A659 /* Release */ = {
			isa = XCBuildConfiguration;
			buildSettings = {
				ALWAYS_SEARCH_USER_PATHS = NO;
				CLANG_ANALYZER_NONNULL = YES;
				CLANG_ANALYZER_NUMBER_OBJECT_CONVERSION = YES_AGGRESSIVE;
				CLANG_CXX_LANGUAGE_STANDARD = "gnu++20";
				CLANG_ENABLE_MODULES = YES;
				CLANG_ENABLE_OBJC_ARC = YES;
				CLANG_ENABLE_OBJC_WEAK = YES;
				CLANG_WARN_BLOCK_CAPTURE_AUTORELEASING = YES;
				CLANG_WARN_BOOL_CONVERSION = YES;
				CLANG_WARN_COMMA = YES;
				CLANG_WARN_CONSTANT_CONVERSION = YES;
				CLANG_WARN_DEPRECATED_OBJC_IMPLEMENTATIONS = YES;
				CLANG_WARN_DIRECT_OBJC_ISA_USAGE = YES_ERROR;
				CLANG_WARN_DOCUMENTATION_COMMENTS = YES;
				CLANG_WARN_EMPTY_BODY = YES;
				CLANG_WARN_ENUM_CONVERSION = YES;
				CLANG_WARN_INFINITE_RECURSION = YES;
				CLANG_WARN_INT_CONVERSION = YES;
				CLANG_WARN_NON_LITERAL_NULL_CONVERSION = YES;
				CLANG_WARN_OBJC_IMPLICIT_RETAIN_SELF = YES;
				CLANG_WARN_OBJC_LITERAL_CONVERSION = YES;
				CLANG_WARN_OBJC_ROOT_CLASS = YES_ERROR;
				CLANG_WARN_QUOTED_INCLUDE_IN_FRAMEWORK_HEADER = YES;
				CLANG_WARN_RANGE_LOOP_ANALYSIS = YES;
				CLANG_WARN_STRICT_PROTOTYPES = YES;
				CLANG_WARN_SUSPICIOUS_MOVE = YES;
				CLANG_WARN_UNGUARDED_AVAILABILITY = YES_AGGRESSIVE;
				CLANG_WARN_UNREACHABLE_CODE = YES;
				CLANG_WARN__DUPLICATE_METHOD_MATCH = YES;
				COPY_PHASE_STRIP = NO;
				DEBUG_INFORMATION_FORMAT = "dwarf-with-dsym";
				ENABLE_NS_ASSERTIONS = NO;
				ENABLE_STRICT_OBJC_MSGSEND = YES;
				GCC_C_LANGUAGE_STANDARD = gnu11;
				GCC_NO_COMMON_BLOCKS = YES;
				GCC_WARN_64_TO_32_BIT_CONVERSION = YES;
				GCC_WARN_ABOUT_RETURN_TYPE = YES_ERROR;
				GCC_WARN_UNDECLARED_SELECTOR = YES;
				GCC_WARN_UNINITIALIZED_AUTOS = YES_AGGRESSIVE;
				GCC_WARN_UNUSED_FUNCTION = YES;
				GCC_WARN_UNUSED_VARIABLE = YES;
				IPHONEOS_DEPLOYMENT_TARGET = 16.4;
				MTL_ENABLE_DEBUG_INFO = NO;
				MTL_FAST_MATH = YES;
				SDKROOT = iphoneos;
				SWIFT_COMPILATION_MODE = wholemodule;
				SWIFT_OPTIMIZATION_LEVEL = "-O";
				VALIDATE_PRODUCT = YES;
			};
			name = Release;
		};
		786961AA29EFF8D40046A659 /* Debug */ = {
			isa = XCBuildConfiguration;
			baseConfigurationReference = 9E196D11F13AC9262932AC69 /* Pods-LoginTutorial.debug.xcconfig */;
			buildSettings = {
				ASSETCATALOG_COMPILER_APPICON_NAME = AppIcon;
				ASSETCATALOG_COMPILER_GLOBAL_ACCENT_COLOR_NAME = AccentColor;
				CODE_SIGN_STYLE = Automatic;
				CURRENT_PROJECT_VERSION = 1;
				DEVELOPMENT_ASSET_PATHS = "\"LoginTutorial/Preview Content\"";
				DEVELOPMENT_TEAM = UG6UT639QH;
				ENABLE_PREVIEWS = YES;
				GENERATE_INFOPLIST_FILE = YES;
				INFOPLIST_FILE = LoginTutorial/Info.plist;
				INFOPLIST_KEY_UIApplicationSceneManifest_Generation = YES;
				INFOPLIST_KEY_UIApplicationSupportsIndirectInputEvents = YES;
				INFOPLIST_KEY_UILaunchScreen_Generation = YES;
				INFOPLIST_KEY_UISupportedInterfaceOrientations_iPad = "UIInterfaceOrientationPortrait UIInterfaceOrientationPortraitUpsideDown UIInterfaceOrientationLandscapeLeft UIInterfaceOrientationLandscapeRight";
				INFOPLIST_KEY_UISupportedInterfaceOrientations_iPhone = "UIInterfaceOrientationPortrait UIInterfaceOrientationLandscapeLeft UIInterfaceOrientationLandscapeRight";
				LD_RUNPATH_SEARCH_PATHS = (
					"$(inherited)",
					"@executable_path/Frameworks",
				);
				MARKETING_VERSION = 1.0;
				PRODUCT_BUNDLE_IDENTIFIER = dayjack.LoginTutorial;
				PRODUCT_NAME = "$(TARGET_NAME)";
				SWIFT_EMIT_LOC_STRINGS = YES;
				SWIFT_VERSION = 5.0;
				TARGETED_DEVICE_FAMILY = "1,2";
			};
			name = Debug;
		};
		786961AB29EFF8D40046A659 /* Release */ = {
			isa = XCBuildConfiguration;
			baseConfigurationReference = E3D6886B627BFCED9587D892 /* Pods-LoginTutorial.release.xcconfig */;
			buildSettings = {
				ASSETCATALOG_COMPILER_APPICON_NAME = AppIcon;
				ASSETCATALOG_COMPILER_GLOBAL_ACCENT_COLOR_NAME = AccentColor;
				CODE_SIGN_STYLE = Automatic;
				CURRENT_PROJECT_VERSION = 1;
				DEVELOPMENT_ASSET_PATHS = "\"LoginTutorial/Preview Content\"";
				DEVELOPMENT_TEAM = UG6UT639QH;
				ENABLE_PREVIEWS = YES;
				GENERATE_INFOPLIST_FILE = YES;
				INFOPLIST_FILE = LoginTutorial/Info.plist;
				INFOPLIST_KEY_UIApplicationSceneManifest_Generation = YES;
				INFOPLIST_KEY_UIApplicationSupportsIndirectInputEvents = YES;
				INFOPLIST_KEY_UILaunchScreen_Generation = YES;
				INFOPLIST_KEY_UISupportedInterfaceOrientations_iPad = "UIInterfaceOrientationPortrait UIInterfaceOrientationPortraitUpsideDown UIInterfaceOrientationLandscapeLeft UIInterfaceOrientationLandscapeRight";
				INFOPLIST_KEY_UISupportedInterfaceOrientations_iPhone = "UIInterfaceOrientationPortrait UIInterfaceOrientationLandscapeLeft UIInterfaceOrientationLandscapeRight";
				LD_RUNPATH_SEARCH_PATHS = (
					"$(inherited)",
					"@executable_path/Frameworks",
				);
				MARKETING_VERSION = 1.0;
				PRODUCT_BUNDLE_IDENTIFIER = dayjack.LoginTutorial;
				PRODUCT_NAME = "$(TARGET_NAME)";
				SWIFT_EMIT_LOC_STRINGS = YES;
				SWIFT_VERSION = 5.0;
				TARGETED_DEVICE_FAMILY = "1,2";
			};
			name = Release;
		};
		786961AD29EFF8D40046A659 /* Debug */ = {
			isa = XCBuildConfiguration;
			baseConfigurationReference = 2E2196835EC4BAB82F9E0D68 /* Pods-LoginTutorialTests.debug.xcconfig */;
			buildSettings = {
				ALWAYS_EMBED_SWIFT_STANDARD_LIBRARIES = YES;
				BUNDLE_LOADER = "$(TEST_HOST)";
				CODE_SIGN_STYLE = Automatic;
				CURRENT_PROJECT_VERSION = 1;
				DEVELOPMENT_TEAM = UG6UT639QH;
				GENERATE_INFOPLIST_FILE = YES;
				IPHONEOS_DEPLOYMENT_TARGET = 16.4;
				MARKETING_VERSION = 1.0;
				PRODUCT_BUNDLE_IDENTIFIER = dayjack.LoginTutorialTests;
				PRODUCT_NAME = "$(TARGET_NAME)";
				SWIFT_EMIT_LOC_STRINGS = NO;
				SWIFT_VERSION = 5.0;
				TARGETED_DEVICE_FAMILY = "1,2";
				TEST_HOST = "$(BUILT_PRODUCTS_DIR)/LoginTutorial.app/$(BUNDLE_EXECUTABLE_FOLDER_PATH)/LoginTutorial";
			};
			name = Debug;
		};
		786961AE29EFF8D40046A659 /* Release */ = {
			isa = XCBuildConfiguration;
			baseConfigurationReference = 5B6C3E5216909B3F0FE10ACA /* Pods-LoginTutorialTests.release.xcconfig */;
			buildSettings = {
				ALWAYS_EMBED_SWIFT_STANDARD_LIBRARIES = YES;
				BUNDLE_LOADER = "$(TEST_HOST)";
				CODE_SIGN_STYLE = Automatic;
				CURRENT_PROJECT_VERSION = 1;
				DEVELOPMENT_TEAM = UG6UT639QH;
				GENERATE_INFOPLIST_FILE = YES;
				IPHONEOS_DEPLOYMENT_TARGET = 16.4;
				MARKETING_VERSION = 1.0;
				PRODUCT_BUNDLE_IDENTIFIER = dayjack.LoginTutorialTests;
				PRODUCT_NAME = "$(TARGET_NAME)";
				SWIFT_EMIT_LOC_STRINGS = NO;
				SWIFT_VERSION = 5.0;
				TARGETED_DEVICE_FAMILY = "1,2";
				TEST_HOST = "$(BUILT_PRODUCTS_DIR)/LoginTutorial.app/$(BUNDLE_EXECUTABLE_FOLDER_PATH)/LoginTutorial";
			};
			name = Release;
		};
		786961B029EFF8D40046A659 /* Debug */ = {
			isa = XCBuildConfiguration;
			baseConfigurationReference = D3BCAD4ADF14B8E5A5A26703 /* Pods-LoginTutorial-LoginTutorialUITests.debug.xcconfig */;
			buildSettings = {
				ALWAYS_EMBED_SWIFT_STANDARD_LIBRARIES = YES;
				CODE_SIGN_STYLE = Automatic;
				CURRENT_PROJECT_VERSION = 1;
				DEVELOPMENT_TEAM = UG6UT639QH;
				GENERATE_INFOPLIST_FILE = YES;
				MARKETING_VERSION = 1.0;
				PRODUCT_BUNDLE_IDENTIFIER = dayjack.LoginTutorialUITests;
				PRODUCT_NAME = "$(TARGET_NAME)";
				SWIFT_EMIT_LOC_STRINGS = NO;
				SWIFT_VERSION = 5.0;
				TARGETED_DEVICE_FAMILY = "1,2";
				TEST_TARGET_NAME = LoginTutorial;
			};
			name = Debug;
		};
		786961B129EFF8D40046A659 /* Release */ = {
			isa = XCBuildConfiguration;
			baseConfigurationReference = A5C58A5415E4F5BD8C5309D5 /* Pods-LoginTutorial-LoginTutorialUITests.release.xcconfig */;
			buildSettings = {
				ALWAYS_EMBED_SWIFT_STANDARD_LIBRARIES = YES;
				CODE_SIGN_STYLE = Automatic;
				CURRENT_PROJECT_VERSION = 1;
				DEVELOPMENT_TEAM = UG6UT639QH;
				GENERATE_INFOPLIST_FILE = YES;
				MARKETING_VERSION = 1.0;
				PRODUCT_BUNDLE_IDENTIFIER = dayjack.LoginTutorialUITests;
				PRODUCT_NAME = "$(TARGET_NAME)";
				SWIFT_EMIT_LOC_STRINGS = NO;
				SWIFT_VERSION = 5.0;
				TARGETED_DEVICE_FAMILY = "1,2";
				TEST_TARGET_NAME = LoginTutorial;
			};
			name = Release;
		};
/* End XCBuildConfiguration section */

/* Begin XCConfigurationList section */
		7869618029EFF8D30046A659 /* Build configuration list for PBXProject "LoginTutorial" */ = {
			isa = XCConfigurationList;
			buildConfigurations = (
				786961A729EFF8D40046A659 /* Debug */,
				786961A829EFF8D40046A659 /* Release */,
			);
			defaultConfigurationIsVisible = 0;
			defaultConfigurationName = Release;
		};
		786961A929EFF8D40046A659 /* Build configuration list for PBXNativeTarget "LoginTutorial" */ = {
			isa = XCConfigurationList;
			buildConfigurations = (
				786961AA29EFF8D40046A659 /* Debug */,
				786961AB29EFF8D40046A659 /* Release */,
			);
			defaultConfigurationIsVisible = 0;
			defaultConfigurationName = Release;
		};
		786961AC29EFF8D40046A659 /* Build configuration list for PBXNativeTarget "LoginTutorialTests" */ = {
			isa = XCConfigurationList;
			buildConfigurations = (
				786961AD29EFF8D40046A659 /* Debug */,
				786961AE29EFF8D40046A659 /* Release */,
			);
			defaultConfigurationIsVisible = 0;
			defaultConfigurationName = Release;
		};
		786961AF29EFF8D40046A659 /* Build configuration list for PBXNativeTarget "LoginTutorialUITests" */ = {
			isa = XCConfigurationList;
			buildConfigurations = (
				786961B029EFF8D40046A659 /* Debug */,
				786961B129EFF8D40046A659 /* Release */,
			);
			defaultConfigurationIsVisible = 0;
			defaultConfigurationName = Release;
		};
/* End XCConfigurationList section */

/* Begin XCRemoteSwiftPackageReference section */
		78B376C329F11EC00003C9C0 /* XCRemoteSwiftPackageReference "swift-crypto" */ = {
			isa = XCRemoteSwiftPackageReference;
			repositoryURL = "https://github.com/apple/swift-crypto.git";
			requirement = {
				kind = upToNextMajorVersion;
				minimumVersion = 2.0.0;
			};
		};
/* End XCRemoteSwiftPackageReference section */

/* Begin XCSwiftPackageProductDependency section */
		78B376C429F11EC00003C9C0 /* Crypto */ = {
			isa = XCSwiftPackageProductDependency;
			package = 78B376C329F11EC00003C9C0 /* XCRemoteSwiftPackageReference "swift-crypto" */;
			productName = Crypto;
		};
/* End XCSwiftPackageProductDependency section */
	};
	rootObject = 7869617D29EFF8D30046A659 /* Project object */;
}
